
Microsoft Visual Studio Solution File, Format Version 12.00
# Visual Studio Version 16
VisualStudioVersion = 16.0.30204.135
MinimumVisualStudioVersion = 10.0.40219.1
Project("{FAE04EC0-301F-11D3-BF4B-00C04F79EFBC}") = "D-music.UWP", "D-music\D-music.UWP\D-music.UWP.csproj", "{FAC28356-B9F8-4793-B868-FF65DC66945D}"
EndProject
Project("{FAE04EC0-301F-11D3-BF4B-00C04F79EFBC}") = "D-music.Android", "D-music\D-music.Android\D-music.Android.csproj", "{2AB54B62-4892-4456-B730-7F8AD9E461B8}"
EndProject
Project("{FAE04EC0-301F-11D3-BF4B-00C04F79EFBC}") = "D-music.iOS", "D-music\D-music.iOS\D-music.iOS.csproj", "{D31A00AD-9BE8-4603-A770-6370335D53F1}"
EndProject
Project("{FAE04EC0-301F-11D3-BF4B-00C04F79EFBC}") = "D-music.Web", "D-music\D-music.Web\D-music.Web.csproj", "{11BCF52D-9E1A-4762-83AF-CDD5A0475CA3}"
EndProject
Project("{FAE04EC0-301F-11D3-BF4B-00C04F79EFBC}") = "D-music", "D-music\D-music\D-music.csproj", "{8413EA78-2BFE-4120-9C8A-BE73B29533E3}"
EndProject
Global
	GlobalSection(SolutionConfigurationPlatforms) = preSolution
		Debug|Any CPU = Debug|Any CPU
		Debug|ARM = Debug|ARM
		Debug|iPhone = Debug|iPhone
		Debug|iPhoneSimulator = Debug|iPhoneSimulator
		Debug|x64 = Debug|x64
		Debug|x86 = Debug|x86
		Release|Any CPU = Release|Any CPU
		Release|ARM = Release|ARM
		Release|iPhone = Release|iPhone
		Release|iPhoneSimulator = Release|iPhoneSimulator
		Release|x64 = Release|x64
		Release|x86 = Release|x86
	EndGlobalSection
	GlobalSection(ProjectConfigurationPlatforms) = postSolution
		{FAC28356-B9F8-4793-B868-FF65DC66945D}.Debug|Any CPU.ActiveCfg = Debug|x86
		{FAC28356-B9F8-4793-B868-FF65DC66945D}.Debug|Any CPU.Build.0 = Debug|x86
		{FAC28356-B9F8-4793-B868-FF65DC66945D}.Debug|Any CPU.Deploy.0 = Debug|x86
		{FAC28356-B9F8-4793-B868-FF65DC66945D}.Debug|ARM.ActiveCfg = Debug|ARM
		{FAC28356-B9F8-4793-B868-FF65DC66945D}.Debug|ARM.Build.0 = Debug|ARM
		{FAC28356-B9F8-4793-B868-FF65DC66945D}.Debug|ARM.Deploy.0 = Debug|ARM
		{FAC28356-B9F8-4793-B868-FF65DC66945D}.Debug|iPhone.ActiveCfg = Debug|x86
		{FAC28356-B9F8-4793-B868-FF65DC66945D}.Debug|iPhone.Build.0 = Debug|x86
		{FAC28356-B9F8-4793-B868-FF65DC66945D}.Debug|iPhone.Deploy.0 = Debug|x86
		{FAC28356-B9F8-4793-B868-FF65DC66945D}.Debug|iPhoneSimulator.ActiveCfg = Debug|x86
		{FAC28356-B9F8-4793-B868-FF65DC66945D}.Debug|iPhoneSimulator.Build.0 = Debug|x86
		{FAC28356-B9F8-4793-B868-FF65DC66945D}.Debug|iPhoneSimulator.Deploy.0 = Debug|x86
		{FAC28356-B9F8-4793-B868-FF65DC66945D}.Debug|x64.ActiveCfg = Debug|x64
		{FAC28356-B9F8-4793-B868-FF65DC66945D}.Debug|x64.Build.0 = Debug|x64
		{FAC28356-B9F8-4793-B868-FF65DC66945D}.Debug|x64.Deploy.0 = Debug|x64
		{FAC28356-B9F8-4793-B868-FF65DC66945D}.Debug|x86.ActiveCfg = Debug|x86
		{FAC28356-B9F8-4793-B868-FF65DC66945D}.Debug|x86.Build.0 = Debug|x86
		{FAC28356-B9F8-4793-B868-FF65DC66945D}.Debug|x86.Deploy.0 = Debug|x86
		{FAC28356-B9F8-4793-B868-FF65DC66945D}.Release|Any CPU.ActiveCfg = Release|x86
		{FAC28356-B9F8-4793-B868-FF65DC66945D}.Release|Any CPU.Build.0 = Release|x86
		{FAC28356-B9F8-4793-B868-FF65DC66945D}.Release|Any CPU.Deploy.0 = Release|x86
		{FAC28356-B9F8-4793-B868-FF65DC66945D}.Release|ARM.ActiveCfg = Release|ARM
		{FAC28356-B9F8-4793-B868-FF65DC66945D}.Release|ARM.Build.0 = Release|ARM
		{FAC28356-B9F8-4793-B868-FF65DC66945D}.Release|ARM.Deploy.0 = Release|ARM
		{FAC28356-B9F8-4793-B868-FF65DC66945D}.Release|iPhone.ActiveCfg = Release|x86
		{FAC28356-B9F8-4793-B868-FF65DC66945D}.Release|iPhone.Build.0 = Release|x86
		{FAC28356-B9F8-4793-B868-FF65DC66945D}.Release|iPhone.Deploy.0 = Release|x86
		{FAC28356-B9F8-4793-B868-FF65DC66945D}.Release|iPhoneSimulator.ActiveCfg = Release|x86
		{FAC28356-B9F8-4793-B868-FF65DC66945D}.Release|iPhoneSimulator.Build.0 = Release|x86
		{FAC28356-B9F8-4793-B868-FF65DC66945D}.Release|iPhoneSimulator.Deploy.0 = Release|x86
		{FAC28356-B9F8-4793-B868-FF65DC66945D}.Release|x64.ActiveCfg = Release|x64
		{FAC28356-B9F8-4793-B868-FF65DC66945D}.Release|x64.Build.0 = Release|x64
		{FAC28356-B9F8-4793-B868-FF65DC66945D}.Release|x64.Deploy.0 = Release|x64
		{FAC28356-B9F8-4793-B868-FF65DC66945D}.Release|x86.ActiveCfg = Release|x86
		{FAC28356-B9F8-4793-B868-FF65DC66945D}.Release|x86.Build.0 = Release|x86
		{FAC28356-B9F8-4793-B868-FF65DC66945D}.Release|x86.Deploy.0 = Release|x86
		{2AB54B62-4892-4456-B730-7F8AD9E461B8}.Debug|Any CPU.ActiveCfg = Debug|Any CPU
		{2AB54B62-4892-4456-B730-7F8AD9E461B8}.Debug|Any CPU.Build.0 = Debug|Any CPU
		{2AB54B62-4892-4456-B730-7F8AD9E461B8}.Debug|Any CPU.Deploy.0 = Debug|Any CPU
		{2AB54B62-4892-4456-B730-7F8AD9E461B8}.Debug|ARM.ActiveCfg = Debug|Any CPU
		{2AB54B62-4892-4456-B730-7F8AD9E461B8}.Debug|ARM.Build.0 = Debug|Any CPU
		{2AB54B62-4892-4456-B730-7F8AD9E461B8}.Debug|ARM.Deploy.0 = Debug|Any CPU
		{2AB54B62-4892-4456-B730-7F8AD9E461B8}.Debug|iPhone.ActiveCfg = Debug|Any CPU
		{2AB54B62-4892-4456-B730-7F8AD9E461B8}.Debug|iPhone.Build.0 = Debug|Any CPU
		{2AB54B62-4892-4456-B730-7F8AD9E461B8}.Debug|iPhone.Deploy.0 = Debug|Any CPU
		{2AB54B62-4892-4456-B730-7F8AD9E461B8}.Debug|iPhoneSimulator.ActiveCfg = Debug|Any CPU
		{2AB54B62-4892-4456-B730-7F8AD9E461B8}.Debug|iPhoneSimulator.Build.0 = Debug|Any CPU
		{2AB54B62-4892-4456-B730-7F8AD9E461B8}.Debug|iPhoneSimulator.Deploy.0 = Debug|Any CPU
		{2AB54B62-4892-4456-B730-7F8AD9E461B8}.Debug|x64.ActiveCfg = Debug|Any CPU
		{2AB54B62-4892-4456-B730-7F8AD9E461B8}.Debug|x64.Build.0 = Debug|Any CPU
		{2AB54B62-4892-4456-B730-7F8AD9E461B8}.Debug|x64.Deploy.0 = Debug|Any CPU
		{2AB54B62-4892-4456-B730-7F8AD9E461B8}.Debug|x86.ActiveCfg = Debug|Any CPU
		{2AB54B62-4892-4456-B730-7F8AD9E461B8}.Debug|x86.Build.0 = Debug|Any CPU
		{2AB54B62-4892-4456-B730-7F8AD9E461B8}.Debug|x86.Deploy.0 = Debug|Any CPU
		{2AB54B62-4892-4456-B730-7F8AD9E461B8}.Release|Any CPU.ActiveCfg = Release|Any CPU
		{2AB54B62-4892-4456-B730-7F8AD9E461B8}.Release|Any CPU.Build.0 = Release|Any CPU
		{2AB54B62-4892-4456-B730-7F8AD9E461B8}.Release|Any CPU.Deploy.0 = Release|Any CPU
		{2AB54B62-4892-4456-B730-7F8AD9E461B8}.Release|ARM.ActiveCfg = Release|Any CPU
		{2AB54B62-4892-4456-B730-7F8AD9E461B8}.Release|ARM.Build.0 = Release|Any CPU
		{2AB54B62-4892-4456-B730-7F8AD9E461B8}.Release|ARM.Deploy.0 = Release|Any CPU
		{2AB54B62-4892-4456-B730-7F8AD9E461B8}.Release|iPhone.ActiveCfg = Release|Any CPU
		{2AB54B62-4892-4456-B730-7F8AD9E461B8}.Release|iPhone.Build.0 = Release|Any CPU
		{2AB54B62-4892-4456-B730-7F8AD9E461B8}.Release|iPhone.Deploy.0 = Release|Any CPU
		{2AB54B62-4892-4456-B730-7F8AD9E461B8}.Release|iPhoneSimulator.ActiveCfg = Release|Any CPU
		{2AB54B62-4892-4456-B730-7F8AD9E461B8}.Release|iPhoneSimulator.Build.0 = Release|Any CPU
		{2AB54B62-4892-4456-B730-7F8AD9E461B8}.Release|iPhoneSimulator.Deploy.0 = Release|Any CPU
		{2AB54B62-4892-4456-B730-7F8AD9E461B8}.Release|x64.ActiveCfg = Release|Any CPU
		{2AB54B62-4892-4456-B730-7F8AD9E461B8}.Release|x64.Build.0 = Release|Any CPU
		{2AB54B62-4892-4456-B730-7F8AD9E461B8}.Release|x64.Deploy.0 = Release|Any CPU
		{2AB54B62-4892-4456-B730-7F8AD9E461B8}.Release|x86.ActiveCfg = Release|Any CPU
		{2AB54B62-4892-4456-B730-7F8AD9E461B8}.Release|x86.Build.0 = Release|Any CPU
		{2AB54B62-4892-4456-B730-7F8AD9E461B8}.Release|x86.Deploy.0 = Release|Any CPU
		{D31A00AD-9BE8-4603-A770-6370335D53F1}.Debug|Any CPU.ActiveCfg = Debug|iPhone
		{D31A00AD-9BE8-4603-A770-6370335D53F1}.Debug|Any CPU.Build.0 = Debug|iPhone
		{D31A00AD-9BE8-4603-A770-6370335D53F1}.Debug|Any CPU.Deploy.0 = Debug|iPhone
		{D31A00AD-9BE8-4603-A770-6370335D53F1}.Debug|ARM.ActiveCfg = Debug|iPhone
		{D31A00AD-9BE8-4603-A770-6370335D53F1}.Debug|ARM.Build.0 = Debug|iPhone
		{D31A00AD-9BE8-4603-A770-6370335D53F1}.Debug|ARM.Deploy.0 = Debug|iPhone
		{D31A00AD-9BE8-4603-A770-6370335D53F1}.Debug|iPhone.ActiveCfg = Debug|iPhone
		{D31A00AD-9BE8-4603-A770-6370335D53F1}.Debug|iPhone.Build.0 = Debug|iPhone
		{D31A00AD-9BE8-4603-A770-6370335D53F1}.Debug|iPhone.Deploy.0 = Debug|iPhone
		{D31A00AD-9BE8-4603-A770-6370335D53F1}.Debug|iPhoneSimulator.ActiveCfg = Debug|iPhoneSimulator
		{D31A00AD-9BE8-4603-A770-6370335D53F1}.Debug|iPhoneSimulator.Build.0 = Debug|iPhoneSimulator
		{D31A00AD-9BE8-4603-A770-6370335D53F1}.Debug|iPhoneSimulator.Deploy.0 = Debug|iPhoneSimulator
		{D31A00AD-9BE8-4603-A770-6370335D53F1}.Debug|x64.ActiveCfg = Debug|iPhone
		{D31A00AD-9BE8-4603-A770-6370335D53F1}.Debug|x64.Build.0 = Debug|iPhone
		{D31A00AD-9BE8-4603-A770-6370335D53F1}.Debug|x64.Deploy.0 = Debug|iPhone
		{D31A00AD-9BE8-4603-A770-6370335D53F1}.Debug|x86.ActiveCfg = Debug|iPhone
		{D31A00AD-9BE8-4603-A770-6370335D53F1}.Debug|x86.Build.0 = Debug|iPhone
		{D31A00AD-9BE8-4603-A770-6370335D53F1}.Debug|x86.Deploy.0 = Debug|iPhone
		{D31A00AD-9BE8-4603-A770-6370335D53F1}.Release|Any CPU.ActiveCfg = Release|iPhone
		{D31A00AD-9BE8-4603-A770-6370335D53F1}.Release|Any CPU.Build.0 = Release|iPhone
		{D31A00AD-9BE8-4603-A770-6370335D53F1}.Release|Any CPU.Deploy.0 = Release|iPhone
		{D31A00AD-9BE8-4603-A770-6370335D53F1}.Release|ARM.ActiveCfg = Release|iPhone
		{D31A00AD-9BE8-4603-A770-6370335D53F1}.Release|ARM.Build.0 = Release|iPhone
		{D31A00AD-9BE8-4603-A770-6370335D53F1}.Release|ARM.Deploy.0 = Release|iPhone
		{D31A00AD-9BE8-4603-A770-6370335D53F1}.Release|iPhone.ActiveCfg = Release|iPhone
		{D31A00AD-9BE8-4603-A770-6370335D53F1}.Release|iPhone.Build.0 = Release|iPhone
		{D31A00AD-9BE8-4603-A770-6370335D53F1}.Release|iPhone.Deploy.0 = Release|iPhone
		{D31A00AD-9BE8-4603-A770-6370335D53F1}.Release|iPhoneSimulator.ActiveCfg = Release|iPhoneSimulator
		{D31A00AD-9BE8-4603-A770-6370335D53F1}.Release|iPhoneSimulator.Build.0 = Release|iPhoneSimulator
		{D31A00AD-9BE8-4603-A770-6370335D53F1}.Release|iPhoneSimulator.Deploy.0 = Release|iPhoneSimulator
		{D31A00AD-9BE8-4603-A770-6370335D53F1}.Release|x64.ActiveCfg = Release|iPhone
		{D31A00AD-9BE8-4603-A770-6370335D53F1}.Release|x64.Build.0 = Release|iPhone
		{D31A00AD-9BE8-4603-A770-6370335D53F1}.Release|x64.Deploy.0 = Release|iPhone
		{D31A00AD-9BE8-4603-A770-6370335D53F1}.Release|x86.ActiveCfg = Release|iPhone
		{D31A00AD-9BE8-4603-A770-6370335D53F1}.Release|x86.Build.0 = Release|iPhone
		{D31A00AD-9BE8-4603-A770-6370335D53F1}.Release|x86.Deploy.0 = Release|iPhone
		{11BCF52D-9E1A-4762-83AF-CDD5A0475CA3}.Debug|Any CPU.ActiveCfg = Debug|Any CPU
		{11BCF52D-9E1A-4762-83AF-CDD5A0475CA3}.Debug|Any CPU.Build.0 = Debug|Any CPU
		{11BCF52D-9E1A-4762-83AF-CDD5A0475CA3}.Debug|Any CPU.Deploy.0 = Debug|Any CPU
		{11BCF52D-9E1A-4762-83AF-CDD5A0475CA3}.Debug|ARM.ActiveCfg = Debug|Any CPU
		{11BCF52D-9E1A-4762-83AF-CDD5A0475CA3}.Debug|ARM.Build.0 = Debug|Any CPU
		{11BCF52D-9E1A-4762-83AF-CDD5A0475CA3}.Debug|ARM.Deploy.0 = Debug|Any CPU
		{11BCF52D-9E1A-4762-83AF-CDD5A0475CA3}.Debug|iPhone.ActiveCfg = Debug|Any CPU
		{11BCF52D-9E1A-4762-83AF-CDD5A0475CA3}.Debug|iPhone.Build.0 = Debug|Any CPU
		{11BCF52D-9E1A-4762-83AF-CDD5A0475CA3}.Debug|iPhone.Deploy.0 = Debug|Any CPU
		{11BCF52D-9E1A-4762-83AF-CDD5A0475CA3}.Debug|iPhoneSimulator.ActiveCfg = Debug|Any CPU
		{11BCF52D-9E1A-4762-83AF-CDD5A0475CA3}.Debug|iPhoneSimulator.Build.0 = Debug|Any CPU
		{11BCF52D-9E1A-4762-83AF-CDD5A0475CA3}.Debug|iPhoneSimulator.Deploy.0 = Debug|Any CPU
		{11BCF52D-9E1A-4762-83AF-CDD5A0475CA3}.Debug|x64.ActiveCfg = Debug|Any CPU
		{11BCF52D-9E1A-4762-83AF-CDD5A0475CA3}.Debug|x64.Build.0 = Debug|Any CPU
		{11BCF52D-9E1A-4762-83AF-CDD5A0475CA3}.Debug|x64.Deploy.0 = Debug|Any CPU
		{11BCF52D-9E1A-4762-83AF-CDD5A0475CA3}.Debug|x86.ActiveCfg = Debug|Any CPU
		{11BCF52D-9E1A-4762-83AF-CDD5A0475CA3}.Debug|x86.Build.0 = Debug|Any CPU
		{11BCF52D-9E1A-4762-83AF-CDD5A0475CA3}.Debug|x86.Deploy.0 = Debug|Any CPU
		{11BCF52D-9E1A-4762-83AF-CDD5A0475CA3}.Release|Any CPU.ActiveCfg = Release|Any CPU
		{11BCF52D-9E1A-4762-83AF-CDD5A0475CA3}.Release|Any CPU.Build.0 = Release|Any CPU
		{11BCF52D-9E1A-4762-83AF-CDD5A0475CA3}.Release|Any CPU.Deploy.0 = Release|Any CPU
		{11BCF52D-9E1A-4762-83AF-CDD5A0475CA3}.Release|ARM.ActiveCfg = Release|Any CPU
		{11BCF52D-9E1A-4762-83AF-CDD5A0475CA3}.Release|ARM.Build.0 = Release|Any CPU
		{11BCF52D-9E1A-4762-83AF-CDD5A0475CA3}.Release|ARM.Deploy.0 = Release|Any CPU
		{11BCF52D-9E1A-4762-83AF-CDD5A0475CA3}.Release|iPhone.ActiveCfg = Release|Any CPU
		{11BCF52D-9E1A-4762-83AF-CDD5A0475CA3}.Release|iPhone.Build.0 = Release|Any CPU
		{11BCF52D-9E1A-4762-83AF-CDD5A0475CA3}.Release|iPhone.Deploy.0 = Release|Any CPU
		{11BCF52D-9E1A-4762-83AF-CDD5A0475CA3}.Release|iPhoneSimulator.ActiveCfg = Release|Any CPU
		{11BCF52D-9E1A-4762-83AF-CDD5A0475CA3}.Release|iPhoneSimulator.Build.0 = Release|Any CPU
		{11BCF52D-9E1A-4762-83AF-CDD5A0475CA3}.Release|iPhoneSimulator.Deploy.0 = Release|Any CPU
		{11BCF52D-9E1A-4762-83AF-CDD5A0475CA3}.Release|x64.ActiveCfg = Release|Any CPU
		{11BCF52D-9E1A-4762-83AF-CDD5A0475CA3}.Release|x64.Build.0 = Release|Any CPU
		{11BCF52D-9E1A-4762-83AF-CDD5A0475CA3}.Release|x64.Deploy.0 = Release|Any CPU
		{11BCF52D-9E1A-4762-83AF-CDD5A0475CA3}.Release|x86.ActiveCfg = Release|Any CPU
		{11BCF52D-9E1A-4762-83AF-CDD5A0475CA3}.Release|x86.Build.0 = Release|Any CPU
		{11BCF52D-9E1A-4762-83AF-CDD5A0475CA3}.Release|x86.Deploy.0 = Release|Any CPU
		{8413EA78-2BFE-4120-9C8A-BE73B29533E3}.Debug|Any CPU.ActiveCfg = Debug|Any CPU
		{8413EA78-2BFE-4120-9C8A-BE73B29533E3}.Debug|Any CPU.Build.0 = Debug|Any CPU
		{8413EA78-2BFE-4120-9C8A-BE73B29533E3}.Debug|Any CPU.Deploy.0 = Debug|Any CPU
		{8413EA78-2BFE-4120-9C8A-BE73B29533E3}.Debug|ARM.ActiveCfg = Debug|Any CPU
		{8413EA78-2BFE-4120-9C8A-BE73B29533E3}.Debug|ARM.Build.0 = Debug|Any CPU
		{8413EA78-2BFE-4120-9C8A-BE73B29533E3}.Debug|ARM.Deploy.0 = Debug|Any CPU
		{8413EA78-2BFE-4120-9C8A-BE73B29533E3}.Debug|iPhone.ActiveCfg = Debug|Any CPU
		{8413EA78-2BFE-4120-9C8A-BE73B29533E3}.Debug|iPhone.Build.0 = Debug|Any CPU
		{8413EA78-2BFE-4120-9C8A-BE73B29533E3}.Debug|iPhone.Deploy.0 = Debug|Any CPU
		{8413EA78-2BFE-4120-9C8A-BE73B29533E3}.Debug|iPhoneSimulator.ActiveCfg = Debug|Any CPU
		{8413EA78-2BFE-4120-9C8A-BE73B29533E3}.Debug|iPhoneSimulator.Build.0 = Debug|Any CPU
		{8413EA78-2BFE-4120-9C8A-BE73B29533E3}.Debug|iPhoneSimulator.Deploy.0 = Debug|Any CPU
		{8413EA78-2BFE-4120-9C8A-BE73B29533E3}.Debug|x64.ActiveCfg = Debug|Any CPU
		{8413EA78-2BFE-4120-9C8A-BE73B29533E3}.Debug|x64.Build.0 = Debug|Any CPU
		{8413EA78-2BFE-4120-9C8A-BE73B29533E3}.Debug|x64.Deploy.0 = Debug|Any CPU
		{8413EA78-2BFE-4120-9C8A-BE73B29533E3}.Debug|x86.ActiveCfg = Debug|Any CPU
		{8413EA78-2BFE-4120-9C8A-BE73B29533E3}.Debug|x86.Build.0 = Debug|Any CPU
		{8413EA78-2BFE-4120-9C8A-BE73B29533E3}.Debug|x86.Deploy.0 = Debug|Any CPU
		{8413EA78-2BFE-4120-9C8A-BE73B29533E3}.Release|Any CPU.ActiveCfg = Release|Any CPU
		{8413EA78-2BFE-4120-9C8A-BE73B29533E3}.Release|Any CPU.Build.0 = Release|Any CPU
		{8413EA78-2BFE-4120-9C8A-BE73B29533E3}.Release|Any CPU.Deploy.0 = Release|Any CPU
		{8413EA78-2BFE-4120-9C8A-BE73B29533E3}.Release|ARM.ActiveCfg = Release|Any CPU
		{8413EA78-2BFE-4120-9C8A-BE73B29533E3}.Release|ARM.Build.0 = Release|Any CPU
		{8413EA78-2BFE-4120-9C8A-BE73B29533E3}.Release|ARM.Deploy.0 = Release|Any CPU
		{8413EA78-2BFE-4120-9C8A-BE73B29533E3}.Release|iPhone.ActiveCfg = Release|Any CPU
		{8413EA78-2BFE-4120-9C8A-BE73B29533E3}.Release|iPhone.Build.0 = Release|Any CPU
		{8413EA78-2BFE-4120-9C8A-BE73B29533E3}.Release|iPhone.Deploy.0 = Release|Any CPU
		{8413EA78-2BFE-4120-9C8A-BE73B29533E3}.Release|iPhoneSimulator.ActiveCfg = Release|Any CPU
		{8413EA78-2BFE-4120-9C8A-BE73B29533E3}.Release|iPhoneSimulator.Build.0 = Release|Any CPU
		{8413EA78-2BFE-4120-9C8A-BE73B29533E3}.Release|iPhoneSimulator.Deploy.0 = Release|Any CPU
		{8413EA78-2BFE-4120-9C8A-BE73B29533E3}.Release|x64.ActiveCfg = Release|Any CPU
		{8413EA78-2BFE-4120-9C8A-BE73B29533E3}.Release|x64.Build.0 = Release|Any CPU
		{8413EA78-2BFE-4120-9C8A-BE73B29533E3}.Release|x64.Deploy.0 = Release|Any CPU
		{8413EA78-2BFE-4120-9C8A-BE73B29533E3}.Release|x86.ActiveCfg = Release|Any CPU
		{8413EA78-2BFE-4120-9C8A-BE73B29533E3}.Release|x86.Build.0 = Release|Any CPU
		{8413EA78-2BFE-4120-9C8A-BE73B29533E3}.Release|x86.Deploy.0 = Release|Any CPU
	EndGlobalSection
	GlobalSection(SolutionProperties) = preSolution
		HideSolutionNode = FALSE
	EndGlobalSection
	GlobalSection(ExtensibilityGlobals) = postSolution
		SolutionGuid = {D2467C16-4685-4386-9C1F-B45C00389B05}
	EndGlobalSection
EndGlobal
